
Microsoft Visual Studio Solution File, Format Version 12.00
# Visual Studio Version 17
VisualStudioVersion = 17.9.34728.123
MinimumVisualStudioVersion = 10.0.40219.1
Project("{FAE04EC0-301F-11D3-BF4B-00C04F79EFBC}") = "VendinhaInterfocus", "VendinhaInterfocus\VendinhaInterfocus.csproj", "{19C204AA-71B9-4F88-AEAB-504BD9D9E376}"
EndProject
Global
	GlobalSection(SolutionConfigurationPlatforms) = preSolution
		Debug|Any CPU = Debug|Any CPU
		Release|Any CPU = Release|Any CPU
	EndGlobalSection
	GlobalSection(ProjectConfigurationPlatforms) = postSolution
		{19C204AA-71B9-4F88-AEAB-504BD9D9E376}.Debug|Any CPU.ActiveCfg = Debug|Any CPU
		{19C204AA-71B9-4F88-AEAB-504BD9D9E376}.Debug|Any CPU.Build.0 = Debug|Any CPU
		{19C204AA-71B9-4F88-AEAB-504BD9D9E376}.Release|Any CPU.ActiveCfg = Release|Any CPU
		{19C204AA-71B9-4F88-AEAB-504BD9D9E376}.Release|Any CPU.Build.0 = Release|Any CPU
	EndGlobalSection
	GlobalSection(SolutionProperties) = preSolution
		HideSolutionNode = FALSE
	EndGlobalSection
	GlobalSection(ExtensibilityGlobals) = postSolution
		SolutionGuid = {FDF48CFD-5070-4B27-8FA7-76DEE6A5BB53}
	EndGlobalSection
EndGlobal
